
Microsoft Visual Studio Solution File, Format Version 12.00
# Visual Studio Version 17
VisualStudioVersion = 17.8.34322.80
MinimumVisualStudioVersion = 10.0.40219.1
Project("{9A19103F-16F7-4668-BE54-9A1E7A4F7556}") = "Cluster", "Cluster\Cluster.csproj", "{7F6730B4-BD53-4E13-8462-CC59F38583EB}"
	ProjectSection(ProjectDependencies) = postProject
		{BB123B99-826E-400A-A9BF-068A98307196} = {BB123B99-826E-400A-A9BF-068A98307196}
	EndProjectSection
EndProject
Project("{2150E333-8FDC-42A3-9474-1A3956D46DE8}") = "Solution Items", "Solution Items", "{AEA027B5-B38D-4889-83C1-48BF7323A04F}"
	ProjectSection(SolutionItems) = preProject
		.editorconfig = .editorconfig
	EndProjectSection
EndProject
Project("{8BC9CEB8-8B4A-11D0-8D11-00A0C91BC942}") = "DefaultAlgorithm", "DefaultAlgorithm\DefaultAlgorithm.vcxproj", "{BB123B99-826E-400A-A9BF-068A98307196}"
EndProject
Project("{8BC9CEB8-8B4A-11D0-8D11-00A0C91BC942}") = "KMEANS", "KMEANS\KMEANS.vcxproj", "{6CC53C79-BB1D-4C03-85FE-8767B2713BFD}"
EndProject
Project("{8BC9CEB8-8B4A-11D0-8D11-00A0C91BC942}") = "DBSCAN", "DBSCAN\DBSCAN.vcxproj", "{BFD1E3B5-5878-4F5F-A08A-DD667876EEE3}"
EndProject
Global
	GlobalSection(SolutionConfigurationPlatforms) = preSolution
		Debug|Any CPU = Debug|Any CPU
		Debug|ARM = Debug|ARM
		Debug|ARM64 = Debug|ARM64
		Debug|x64 = Debug|x64
		Debug|x86 = Debug|x86
		Release|Any CPU = Release|Any CPU
		Release|ARM = Release|ARM
		Release|ARM64 = Release|ARM64
		Release|x64 = Release|x64
		Release|x86 = Release|x86
	EndGlobalSection
	GlobalSection(ProjectConfigurationPlatforms) = postSolution
		{7F6730B4-BD53-4E13-8462-CC59F38583EB}.Debug|Any CPU.ActiveCfg = Debug|Any CPU
		{7F6730B4-BD53-4E13-8462-CC59F38583EB}.Debug|Any CPU.Build.0 = Debug|Any CPU
		{7F6730B4-BD53-4E13-8462-CC59F38583EB}.Debug|Any CPU.Deploy.0 = Debug|Any CPU
		{7F6730B4-BD53-4E13-8462-CC59F38583EB}.Debug|ARM.ActiveCfg = Debug|Any CPU
		{7F6730B4-BD53-4E13-8462-CC59F38583EB}.Debug|ARM.Build.0 = Debug|Any CPU
		{7F6730B4-BD53-4E13-8462-CC59F38583EB}.Debug|ARM.Deploy.0 = Debug|Any CPU
		{7F6730B4-BD53-4E13-8462-CC59F38583EB}.Debug|ARM64.ActiveCfg = Debug|Any CPU
		{7F6730B4-BD53-4E13-8462-CC59F38583EB}.Debug|ARM64.Build.0 = Debug|Any CPU
		{7F6730B4-BD53-4E13-8462-CC59F38583EB}.Debug|ARM64.Deploy.0 = Debug|Any CPU
		{7F6730B4-BD53-4E13-8462-CC59F38583EB}.Debug|x64.ActiveCfg = Debug|Any CPU
		{7F6730B4-BD53-4E13-8462-CC59F38583EB}.Debug|x64.Build.0 = Debug|Any CPU
		{7F6730B4-BD53-4E13-8462-CC59F38583EB}.Debug|x64.Deploy.0 = Debug|Any CPU
		{7F6730B4-BD53-4E13-8462-CC59F38583EB}.Debug|x86.ActiveCfg = Debug|Any CPU
		{7F6730B4-BD53-4E13-8462-CC59F38583EB}.Debug|x86.Build.0 = Debug|Any CPU
		{7F6730B4-BD53-4E13-8462-CC59F38583EB}.Debug|x86.Deploy.0 = Debug|Any CPU
		{7F6730B4-BD53-4E13-8462-CC59F38583EB}.Release|Any CPU.ActiveCfg = Release|Any CPU
		{7F6730B4-BD53-4E13-8462-CC59F38583EB}.Release|Any CPU.Build.0 = Release|Any CPU
		{7F6730B4-BD53-4E13-8462-CC59F38583EB}.Release|Any CPU.Deploy.0 = Release|Any CPU
		{7F6730B4-BD53-4E13-8462-CC59F38583EB}.Release|ARM.ActiveCfg = Release|Any CPU
		{7F6730B4-BD53-4E13-8462-CC59F38583EB}.Release|ARM.Build.0 = Release|Any CPU
		{7F6730B4-BD53-4E13-8462-CC59F38583EB}.Release|ARM.Deploy.0 = Release|Any CPU
		{7F6730B4-BD53-4E13-8462-CC59F38583EB}.Release|ARM64.ActiveCfg = Release|Any CPU
		{7F6730B4-BD53-4E13-8462-CC59F38583EB}.Release|ARM64.Build.0 = Release|Any CPU
		{7F6730B4-BD53-4E13-8462-CC59F38583EB}.Release|ARM64.Deploy.0 = Release|Any CPU
		{7F6730B4-BD53-4E13-8462-CC59F38583EB}.Release|x64.ActiveCfg = Release|Any CPU
		{7F6730B4-BD53-4E13-8462-CC59F38583EB}.Release|x64.Build.0 = Release|Any CPU
		{7F6730B4-BD53-4E13-8462-CC59F38583EB}.Release|x64.Deploy.0 = Release|Any CPU
		{7F6730B4-BD53-4E13-8462-CC59F38583EB}.Release|x86.ActiveCfg = Release|Any CPU
		{7F6730B4-BD53-4E13-8462-CC59F38583EB}.Release|x86.Build.0 = Release|Any CPU
		{7F6730B4-BD53-4E13-8462-CC59F38583EB}.Release|x86.Deploy.0 = Release|Any CPU
		{BB123B99-826E-400A-A9BF-068A98307196}.Debug|Any CPU.ActiveCfg = Debug|ARM64
		{BB123B99-826E-400A-A9BF-068A98307196}.Debug|Any CPU.Build.0 = Debug|ARM64
		{BB123B99-826E-400A-A9BF-068A98307196}.Debug|ARM.ActiveCfg = Debug|ARM
		{BB123B99-826E-400A-A9BF-068A98307196}.Debug|ARM.Build.0 = Debug|ARM
		{BB123B99-826E-400A-A9BF-068A98307196}.Debug|ARM64.ActiveCfg = Debug|ARM64
		{BB123B99-826E-400A-A9BF-068A98307196}.Debug|ARM64.Build.0 = Debug|ARM64
		{BB123B99-826E-400A-A9BF-068A98307196}.Debug|x64.ActiveCfg = Debug|x64
		{BB123B99-826E-400A-A9BF-068A98307196}.Debug|x64.Build.0 = Debug|x64
		{BB123B99-826E-400A-A9BF-068A98307196}.Debug|x86.ActiveCfg = Debug|x86
		{BB123B99-826E-400A-A9BF-068A98307196}.Debug|x86.Build.0 = Debug|x86
		{BB123B99-826E-400A-A9BF-068A98307196}.Release|Any CPU.ActiveCfg = Release|x64
		{BB123B99-826E-400A-A9BF-068A98307196}.Release|Any CPU.Build.0 = Release|x64
		{BB123B99-826E-400A-A9BF-068A98307196}.Release|ARM.ActiveCfg = Release|ARM
		{BB123B99-826E-400A-A9BF-068A98307196}.Release|ARM.Build.0 = Release|ARM
		{BB123B99-826E-400A-A9BF-068A98307196}.Release|ARM64.ActiveCfg = Release|ARM64
		{BB123B99-826E-400A-A9BF-068A98307196}.Release|ARM64.Build.0 = Release|ARM64
		{BB123B99-826E-400A-A9BF-068A98307196}.Release|x64.ActiveCfg = Release|x64
		{BB123B99-826E-400A-A9BF-068A98307196}.Release|x64.Build.0 = Release|x64
		{BB123B99-826E-400A-A9BF-068A98307196}.Release|x86.ActiveCfg = Release|x86
		{BB123B99-826E-400A-A9BF-068A98307196}.Release|x86.Build.0 = Release|x86
		{6CC53C79-BB1D-4C03-85FE-8767B2713BFD}.Debug|Any CPU.ActiveCfg = Debug|x64
		{6CC53C79-BB1D-4C03-85FE-8767B2713BFD}.Debug|Any CPU.Build.0 = Debug|x64
		{6CC53C79-BB1D-4C03-85FE-8767B2713BFD}.Debug|ARM.ActiveCfg = Debug|ARM
		{6CC53C79-BB1D-4C03-85FE-8767B2713BFD}.Debug|ARM.Build.0 = Debug|ARM
		{6CC53C79-BB1D-4C03-85FE-8767B2713BFD}.Debug|ARM64.ActiveCfg = Debug|ARM64
		{6CC53C79-BB1D-4C03-85FE-8767B2713BFD}.Debug|ARM64.Build.0 = Debug|ARM64
		{6CC53C79-BB1D-4C03-85FE-8767B2713BFD}.Debug|x64.ActiveCfg = Debug|x64
		{6CC53C79-BB1D-4C03-85FE-8767B2713BFD}.Debug|x64.Build.0 = Debug|x64
		{6CC53C79-BB1D-4C03-85FE-8767B2713BFD}.Debug|x86.ActiveCfg = Debug|x86
		{6CC53C79-BB1D-4C03-85FE-8767B2713BFD}.Debug|x86.Build.0 = Debug|x86
		{6CC53C79-BB1D-4C03-85FE-8767B2713BFD}.Release|Any CPU.ActiveCfg = Release|x64
		{6CC53C79-BB1D-4C03-85FE-8767B2713BFD}.Release|Any CPU.Build.0 = Release|x64
		{6CC53C79-BB1D-4C03-85FE-8767B2713BFD}.Release|ARM.ActiveCfg = Release|ARM
		{6CC53C79-BB1D-4C03-85FE-8767B2713BFD}.Release|ARM.Build.0 = Release|ARM
		{6CC53C79-BB1D-4C03-85FE-8767B2713BFD}.Release|ARM64.ActiveCfg = Release|ARM64
		{6CC53C79-BB1D-4C03-85FE-8767B2713BFD}.Release|ARM64.Build.0 = Release|ARM64
		{6CC53C79-BB1D-4C03-85FE-8767B2713BFD}.Release|x64.ActiveCfg = Release|x64
		{6CC53C79-BB1D-4C03-85FE-8767B2713BFD}.Release|x64.Build.0 = Release|x64
		{6CC53C79-BB1D-4C03-85FE-8767B2713BFD}.Release|x86.ActiveCfg = Release|x86
		{6CC53C79-BB1D-4C03-85FE-8767B2713BFD}.Release|x86.Build.0 = Release|x86
		{BFD1E3B5-5878-4F5F-A08A-DD667876EEE3}.Debug|Any CPU.ActiveCfg = Debug|x64
		{BFD1E3B5-5878-4F5F-A08A-DD667876EEE3}.Debug|Any CPU.Build.0 = Debug|x64
		{BFD1E3B5-5878-4F5F-A08A-DD667876EEE3}.Debug|ARM.ActiveCfg = Debug|ARM
		{BFD1E3B5-5878-4F5F-A08A-DD667876EEE3}.Debug|ARM.Build.0 = Debug|ARM
		{BFD1E3B5-5878-4F5F-A08A-DD667876EEE3}.Debug|ARM64.ActiveCfg = Debug|ARM64
		{BFD1E3B5-5878-4F5F-A08A-DD667876EEE3}.Debug|ARM64.Build.0 = Debug|ARM64
		{BFD1E3B5-5878-4F5F-A08A-DD667876EEE3}.Debug|x64.ActiveCfg = Debug|x64
		{BFD1E3B5-5878-4F5F-A08A-DD667876EEE3}.Debug|x64.Build.0 = Debug|x64
		{BFD1E3B5-5878-4F5F-A08A-DD667876EEE3}.Debug|x86.ActiveCfg = Debug|x86
		{BFD1E3B5-5878-4F5F-A08A-DD667876EEE3}.Debug|x86.Build.0 = Debug|x86
		{BFD1E3B5-5878-4F5F-A08A-DD667876EEE3}.Release|Any CPU.ActiveCfg = Release|x64
		{BFD1E3B5-5878-4F5F-A08A-DD667876EEE3}.Release|Any CPU.Build.0 = Release|x64
		{BFD1E3B5-5878-4F5F-A08A-DD667876EEE3}.Release|ARM.ActiveCfg = Release|ARM
		{BFD1E3B5-5878-4F5F-A08A-DD667876EEE3}.Release|ARM.Build.0 = Release|ARM
		{BFD1E3B5-5878-4F5F-A08A-DD667876EEE3}.Release|ARM64.ActiveCfg = Release|ARM64
		{BFD1E3B5-5878-4F5F-A08A-DD667876EEE3}.Release|ARM64.Build.0 = Release|ARM64
		{BFD1E3B5-5878-4F5F-A08A-DD667876EEE3}.Release|x64.ActiveCfg = Release|x64
		{BFD1E3B5-5878-4F5F-A08A-DD667876EEE3}.Release|x64.Build.0 = Release|x64
		{BFD1E3B5-5878-4F5F-A08A-DD667876EEE3}.Release|x86.ActiveCfg = Release|x86
		{BFD1E3B5-5878-4F5F-A08A-DD667876EEE3}.Release|x86.Build.0 = Release|x86
	EndGlobalSection
	GlobalSection(SolutionProperties) = preSolution
		HideSolutionNode = FALSE
	EndGlobalSection
	GlobalSection(ExtensibilityGlobals) = postSolution
		SolutionGuid = {9CDDA32B-EE1D-4DBA-B524-4D27B06F9436}
	EndGlobalSection
EndGlobal
